
Microsoft Visual Studio Solution File, Format Version 12.00
# Visual Studio Version 16
VisualStudioVersion = 16.0.28809.33
MinimumVisualStudioVersion = 10.0.40219.1
Project("{FAE04EC0-301F-11D3-BF4B-00C04F79EFBC}") = "LPP", "LPP\LPP.csproj", "{32DE9E6A-88B9-4AB9-B251-F57140C5497B}"
EndProject
Global
	GlobalSection(SolutionConfigurationPlatforms) = preSolution
		Debug|Any CPU = Debug|Any CPU
		Release|Any CPU = Release|Any CPU
	EndGlobalSection
	GlobalSection(ProjectConfigurationPlatforms) = postSolution
		{32DE9E6A-88B9-4AB9-B251-F57140C5497B}.Debug|Any CPU.ActiveCfg = Debug|Any CPU
		{32DE9E6A-88B9-4AB9-B251-F57140C5497B}.Debug|Any CPU.Build.0 = Debug|Any CPU
		{32DE9E6A-88B9-4AB9-B251-F57140C5497B}.Release|Any CPU.ActiveCfg = Release|Any CPU
		{32DE9E6A-88B9-4AB9-B251-F57140C5497B}.Release|Any CPU.Build.0 = Release|Any CPU
	EndGlobalSection
	GlobalSection(SolutionProperties) = preSolution
		HideSolutionNode = FALSE
	EndGlobalSection
	GlobalSection(ExtensibilityGlobals) = postSolution
		SolutionGuid = {5BEA172D-6910-47D6-A4FA-9F03746CF501}
	EndGlobalSection
EndGlobal
